
Microsoft Visual Studio Solution File, Format Version 12.00
# Visual Studio Version 16
VisualStudioVersion = 16.0.29411.108
MinimumVisualStudioVersion = 10.0.40219.1
Project("{FAE04EC0-301F-11D3-BF4B-00C04F79EFBC}") = "CardinalTechWebsite", "CardinalTechWebsite.csproj", "{8144C630-7B55-4807-BF35-08260DC745CD}"
EndProject
Global
	GlobalSection(SolutionConfigurationPlatforms) = preSolution
		Debug|Any CPU = Debug|Any CPU
		Release|Any CPU = Release|Any CPU
	EndGlobalSection
	GlobalSection(ProjectConfigurationPlatforms) = postSolution
		{8144C630-7B55-4807-BF35-08260DC745CD}.Debug|Any CPU.ActiveCfg = Debug|Any CPU
		{8144C630-7B55-4807-BF35-08260DC745CD}.Debug|Any CPU.Build.0 = Debug|Any CPU
		{8144C630-7B55-4807-BF35-08260DC745CD}.Release|Any CPU.ActiveCfg = Release|Any CPU
		{8144C630-7B55-4807-BF35-08260DC745CD}.Release|Any CPU.Build.0 = Release|Any CPU
	EndGlobalSection
	GlobalSection(SolutionProperties) = preSolution
		HideSolutionNode = FALSE
	EndGlobalSection
	GlobalSection(ExtensibilityGlobals) = postSolution
		SolutionGuid = {B8BE3A0C-E5B5-4047-A5B5-8799D2CECB24}
	EndGlobalSection
EndGlobal
